{
  "name": "fsrmgtsys-client",
  "version": "1.0.0",
  "lockfileVersion": 1,
  "requires": true,
  "dependencies": {
    "asap": {
      "version": "2.0.6",
      "resolved": "https://registry.npmjs.org/asap/-/asap-2.0.6.tgz",
      "integrity": "sha1-5QNHYR1+aQlDIIu9r+vLwvuGbUY="
    },
    "batch-processor": {
      "version": "1.0.0",
      "resolved": "https://registry.npmjs.org/batch-processor/-/batch-processor-1.0.0.tgz",
      "integrity": "sha1-dclcMrdI4IUNEMKxaPa9vpiRrOg="
    },
    "bowser": {
      "version": "1.9.3",
      "resolved": "https://registry.npmjs.org/bowser/-/bowser-1.9.3.tgz",
      "integrity": "sha512-/gp96UlcFw5DbV2KQPCqTqi0Mb9gZRyDAHiDsGEH+4B/KOQjeoE5lM1PxlVX8DQDvfEfitmC1rW2Oy8fk/XBDg=="
    },
    "chain-function": {
      "version": "1.0.0",
      "resolved": "https://registry.npmjs.org/chain-function/-/chain-function-1.0.0.tgz",
      "integrity": "sha1-DUqzfn4Y6tC9xHuSB2QRjOWHM9w="
    },
    "core-js": {
      "version": "1.2.7",
      "resolved": "https://registry.npmjs.org/core-js/-/core-js-1.2.7.tgz",
      "integrity": "sha1-ZSKUwUZR2yj6k70tX/KYOk8IxjY="
    },
    "css-in-js-utils": {
      "version": "2.0.1",
      "resolved": "https://registry.npmjs.org/css-in-js-utils/-/css-in-js-utils-2.0.1.tgz",
      "integrity": "sha512-PJF0SpJT+WdbVVt0AOYp9C8GnuruRlL/UFW7932nLWmFLQTaWEzTBQEx7/hn4BuV+WON75iAViSUJLiU3PKbpA==",
      "requires": {
        "hyphenate-style-name": "1.0.2",
        "isobject": "3.0.1"
      }
    },
    "dom-helpers": {
      "version": "3.3.1",
      "resolved": "https://registry.npmjs.org/dom-helpers/-/dom-helpers-3.3.1.tgz",
      "integrity": "sha512-2Sm+JaYn74OiTM2wHvxJOo3roiq/h25Yi69Fqk269cNUwIXsCvATB6CRSFC9Am/20G2b28hGv/+7NiWydIrPvg=="
    },
    "easy-css-transform-builder": {
      "version": "0.0.2",
      "resolved": "https://registry.npmjs.org/easy-css-transform-builder/-/easy-css-transform-builder-0.0.2.tgz",
      "integrity": "sha1-pUFmenkZ4X9n2CsR08tV/dVDMCI=",
      "requires": {
        "invariant": "2.2.4"
      }
    },
    "element-resize-detector": {
      "version": "1.1.14",
      "resolved": "https://registry.npmjs.org/element-resize-detector/-/element-resize-detector-1.1.14.tgz",
      "integrity": "sha1-rwZKCmGKggrVcKlcXuxbd74BKME=",
      "requires": {
        "batch-processor": "1.0.0"
      }
    },
    "encoding": {
      "version": "0.1.12",
      "resolved": "https://registry.npmjs.org/encoding/-/encoding-0.1.12.tgz",
      "integrity": "sha1-U4tm8+5izRq1HsMjgp0flIDHS+s=",
      "requires": {
        "iconv-lite": "0.4.19"
      }
    },
    "ev-emitter": {
      "version": "1.1.1",
      "resolved": "https://registry.npmjs.org/ev-emitter/-/ev-emitter-1.1.1.tgz",
      "integrity": "sha512-ipiDYhdQSCZ4hSbX4rMW+XzNKMD1prg/sTvoVmSLkuQ1MVlwjJQQA+sW8tMYR3BLUr9KjodFV4pvzunvRhd33Q=="
    },
    "exenv": {
      "version": "1.2.2",
      "resolved": "https://registry.npmjs.org/exenv/-/exenv-1.2.2.tgz",
      "integrity": "sha1-KueOhdmJQVhnCwPUe+wfA72Ru50="
    },
    "fbjs": {
      "version": "0.8.16",
      "resolved": "https://registry.npmjs.org/fbjs/-/fbjs-0.8.16.tgz",
      "integrity": "sha1-XmdDL1UNxBtXK/VYR7ispk5TN9s=",
      "requires": {
        "core-js": "1.2.7",
        "isomorphic-fetch": "2.2.1",
        "loose-envify": "1.3.1",
        "object-assign": "4.1.1",
        "promise": "7.3.1",
        "setimmediate": "1.0.5",
        "ua-parser-js": "0.7.17"
      }
    },
    "hyphenate-style-name": {
      "version": "1.0.2",
      "resolved": "https://registry.npmjs.org/hyphenate-style-name/-/hyphenate-style-name-1.0.2.tgz",
      "integrity": "sha1-MRYKNpMK2vH8BMYHT360FGXU7Es="
    },
    "iconv-lite": {
      "version": "0.4.19",
      "resolved": "https://registry.npmjs.org/iconv-lite/-/iconv-lite-0.4.19.tgz",
      "integrity": "sha512-oTZqweIP51xaGPI4uPa56/Pri/480R+mo7SeU+YETByQNhDG55ycFyNLIgta9vXhILrxXDmF7ZGhqZIcuN0gJQ=="
    },
    "imagesloaded": {
      "version": "4.1.4",
      "resolved": "https://registry.npmjs.org/imagesloaded/-/imagesloaded-4.1.4.tgz",
      "integrity": "sha512-ltiBVcYpc/TYTF5nolkMNsnREHW+ICvfQ3Yla2Sgr71YFwQ86bDwV9hgpFhFtrGPuwEx5+LqOHIrdXBdoWwwsA==",
      "requires": {
        "ev-emitter": "1.1.1"
      }
    },
    "inline-style-prefixer": {
      "version": "3.0.8",
      "resolved": "https://registry.npmjs.org/inline-style-prefixer/-/inline-style-prefixer-3.0.8.tgz",
      "integrity": "sha1-hVG45bTVcyROZqNLBPfTIHaitTQ=",
      "requires": {
        "bowser": "1.9.3",
        "css-in-js-utils": "2.0.1"
      }
    },
    "invariant": {
      "version": "2.2.4",
      "resolved": "https://registry.npmjs.org/invariant/-/invariant-2.2.4.tgz",
      "integrity": "sha512-phJfQVBuaJM5raOpJjSfkiD6BpbCE4Ns//LaXl6wGYtUBY83nWS6Rf9tXm2e8VaK60JEjYldbPif/A2B1C2gNA==",
      "requires": {
        "loose-envify": "1.3.1"
      }
    },
    "is-stream": {
      "version": "1.1.0",
      "resolved": "https://registry.npmjs.org/is-stream/-/is-stream-1.1.0.tgz",
      "integrity": "sha1-EtSj3U5o4Lec6428hBc66A2RykQ="
    },
    "isobject": {
      "version": "3.0.1",
      "resolved": "https://registry.npmjs.org/isobject/-/isobject-3.0.1.tgz",
      "integrity": "sha1-TkMekrEalzFjaqH5yNHMvP2reN8="
    },
    "isomorphic-fetch": {
      "version": "2.2.1",
      "resolved": "https://registry.npmjs.org/isomorphic-fetch/-/isomorphic-fetch-2.2.1.tgz",
      "integrity": "sha1-YRrhrPFPXoH3KVB0coGf6XM1WKk=",
      "requires": {
        "node-fetch": "1.7.3",
        "whatwg-fetch": "2.0.3"
      }
    },
    "js-tokens": {
      "version": "3.0.2",
      "resolved": "https://registry.npmjs.org/js-tokens/-/js-tokens-3.0.2.tgz",
      "integrity": "sha1-mGbfOVECEw449/mWvOtlRDIJwls="
    },
    "konva": {
      "version": "2.0.2",
      "resolved": "https://registry.npmjs.org/konva/-/konva-2.0.2.tgz",
      "integrity": "sha512-3B/lQeJrYjDSql5plylrJF4ydqjkACWHVzUQLHbNM8L5AMa93wtEh2VJ5DqbK/uXlZylmG8+/NYwkVGM/xSPDA=="
    },
    "lodash.debounce": {
      "version": "4.0.8",
      "resolved": "https://registry.npmjs.org/lodash.debounce/-/lodash.debounce-4.0.8.tgz",
      "integrity": "sha1-gteb/zCmfEAF/9XiUVMArZyk168="
    },
    "lodash.throttle": {
      "version": "4.1.1",
      "resolved": "https://registry.npmjs.org/lodash.throttle/-/lodash.throttle-4.1.1.tgz",
      "integrity": "sha1-wj6RtxAkKscMN/HhzaknTMOb8vQ="
    },
    "loose-envify": {
      "version": "1.3.1",
      "resolved": "https://registry.npmjs.org/loose-envify/-/loose-envify-1.3.1.tgz",
      "integrity": "sha1-0aitM/qc4OcT1l/dCsi3SNR4yEg=",
      "requires": {
        "js-tokens": "3.0.2"
      }
    },
    "node-fetch": {
      "version": "1.7.3",
      "resolved": "https://registry.npmjs.org/node-fetch/-/node-fetch-1.7.3.tgz",
      "integrity": "sha512-NhZ4CsKx7cYm2vSrBAr2PvFOe6sWDf0UYLRqA6svUYg7+/TSfVAu49jYC4BvQ4Sms9SZgdqGBgroqfDhJdTyKQ==",
      "requires": {
        "encoding": "0.1.12",
        "is-stream": "1.1.0"
      }
    },
    "object-assign": {
      "version": "4.1.1",
      "resolved": "https://registry.npmjs.org/object-assign/-/object-assign-4.1.1.tgz",
      "integrity": "sha1-IQmtx5ZYh8/AXLvUQsrIv7s2CGM="
    },
    "promise": {
      "version": "7.3.1",
      "resolved": "https://registry.npmjs.org/promise/-/promise-7.3.1.tgz",
      "integrity": "sha512-nolQXZ/4L+bP/UGlkfaIujX9BKxGwmQ9OT4mOt5yvy8iK1h3wqTEJCijzGANTCCl9nWjY41juyAn2K3Q1hLLTg==",
      "requires": {
        "asap": "2.0.6"
      }
    },
    "prop-types": {
      "version": "15.6.1",
      "resolved": "https://registry.npmjs.org/prop-types/-/prop-types-15.6.1.tgz",
      "integrity": "sha512-4ec7bY1Y66LymSUOH/zARVYObB23AT2h8cf6e/O6ZALB/N0sqZFEx7rq6EYPX2MkOdKORuooI/H5k9TlR4q7kQ==",
      "requires": {
        "fbjs": "0.8.16",
        "loose-envify": "1.3.1",
        "object-assign": "4.1.1"
      }
    },
    "react-circular-progressbar": {
      "version": "0.8.0",
      "resolved": "https://registry.npmjs.org/react-circular-progressbar/-/react-circular-progressbar-0.8.0.tgz",
      "integrity": "sha1-GaAQNmn8G2Fo36ziAk3iZ4V/ho8=",
      "requires": {
        "prop-types": "15.6.1"
      }
    },
    "react-konva": {
      "version": "1.7.1",
      "resolved": "https://registry.npmjs.org/react-konva/-/react-konva-1.7.1.tgz",
      "integrity": "sha512-6LTg+xZAZuukAwX8IRfstSzWTdkCIWJscMxAhfNngbhdjH4+EA9UoTxvi3xxJUhjXpHkY+ndpIww7+KbICCf2A==",
      "requires": {
        "fbjs": "0.8.16",
        "react-reconciler": "0.7.0"
      }
    },
    "react-reconciler": {
      "version": "0.7.0",
      "resolved": "https://registry.npmjs.org/react-reconciler/-/react-reconciler-0.7.0.tgz",
      "integrity": "sha512-50JwZ3yNyMS8fchN+jjWEJOH3Oze7UmhxeoJLn2j6f3NjpfCRbcmih83XTWmzqtar/ivd5f7tvQhvvhism2fgg==",
      "requires": {
        "fbjs": "0.8.16",
        "loose-envify": "1.3.1",
        "object-assign": "4.1.1",
        "prop-types": "15.6.1"
      }
    },
    "react-sizeme": {
      "version": "2.4.2",
      "resolved": "https://registry.npmjs.org/react-sizeme/-/react-sizeme-2.4.2.tgz",
      "integrity": "sha512-MIMsxausKDlDR6cc/ofWzyddFz78UfMtkLGnbiTmWl/ohHLv9Eme52auABG6uNBjM4eJYQUzs+o8OFWtYjlO+g==",
      "requires": {
        "element-resize-detector": "1.1.14",
        "invariant": "2.2.4",
        "lodash.debounce": "4.0.8",
        "lodash.throttle": "4.1.1"
      }
    },
    "react-stack-grid": {
      "version": "0.7.1",
      "resolved": "https://registry.npmjs.org/react-stack-grid/-/react-stack-grid-0.7.1.tgz",
      "integrity": "sha512-Fw7qMt5Rd9wQpNCnvK4Gi+ry/nL5rKfzP2hGsw5/DZxArEMk60VoDLy68Uskq09l6wk7qb2w7P2+lNzSd9mYEw==",
      "requires": {
        "easy-css-transform-builder": "0.0.2",
        "exenv": "1.2.2",
        "imagesloaded": "4.1.4",
        "inline-style-prefixer": "3.0.8",
        "invariant": "2.2.4",
        "prop-types": "15.6.1",
        "react-sizeme": "2.4.2",
        "react-transition-group": "1.2.1",
        "shallowequal": "1.0.2"
      }
    },
    "react-transition-group": {
      "version": "1.2.1",
      "resolved": "https://registry.npmjs.org/react-transition-group/-/react-transition-group-1.2.1.tgz",
      "integrity": "sha512-CWaL3laCmgAFdxdKbhhps+c0HRGF4c+hdM4H23+FI1QBNUyx/AMeIJGWorehPNSaKnQNOAxL7PQmqMu78CDj3Q==",
      "requires": {
        "chain-function": "1.0.0",
        "dom-helpers": "3.3.1",
        "loose-envify": "1.3.1",
        "prop-types": "15.6.1",
        "warning": "3.0.0"
      }
    },
    "setimmediate": {
      "version": "1.0.5",
      "resolved": "https://registry.npmjs.org/setimmediate/-/setimmediate-1.0.5.tgz",
      "integrity": "sha1-KQy7Iy4waULX1+qbg3Mqt4VvgoU="
    },
    "shallowequal": {
      "version": "1.0.2",
      "resolved": "https://registry.npmjs.org/shallowequal/-/shallowequal-1.0.2.tgz",
      "integrity": "sha512-zlVXeVUKvo+HEv1e2KQF/csyeMKx2oHvatQ9l6XjCUj3agvC8XGf6R9HvIPDSmp8FNPvx7b5kaEJTRi7CqxtEw=="
    },
    "ua-parser-js": {
      "version": "0.7.17",
      "resolved": "https://registry.npmjs.org/ua-parser-js/-/ua-parser-js-0.7.17.tgz",
      "integrity": "sha512-uRdSdu1oA1rncCQL7sCj8vSyZkgtL7faaw9Tc9rZ3mGgraQ7+Pdx7w5mnOSF3gw9ZNG6oc+KXfkon3bKuROm0g=="
    },
    "warning": {
      "version": "3.0.0",
      "resolved": "https://registry.npmjs.org/warning/-/warning-3.0.0.tgz",
      "integrity": "sha1-MuU3fLVy3kqwR1O9+IIcAe1gW3w=",
      "requires": {
        "loose-envify": "1.3.1"
      }
    },
    "whatwg-fetch": {
      "version": "2.0.3",
      "resolved": "https://registry.npmjs.org/whatwg-fetch/-/whatwg-fetch-2.0.3.tgz",
      "integrity": "sha1-nITsLc9oGH/wC8ZOEnS0QhduHIQ="
    }
  }
}
